// !$*UTF8*$!
{
	archiveVersion = 1;
	classes = {
	};
	objectVersion = 46;
	objects = {

/* Begin PBXBuildFile section */
		00BBBE331920C3BB0068DC9E /* UploadModelViewController.m in Sources */ = {isa = PBXBuildFile; fileRef = 00BBBE321920C3BB0068DC9E /* UploadModelViewController.m */; };
		00BBBE361920C7480068DC9E /* UploadModelResultViewController.m in Sources */ = {isa = PBXBuildFile; fileRef = 00BBBE351920C7480068DC9E /* UploadModelResultViewController.m */; };
		00BBBE3A1920CE3A0068DC9E /* MBProgressHUD.m in Sources */ = {isa = PBXBuildFile; fileRef = 00BBBE391920CE3A0068DC9E /* MBProgressHUD.m */; };
		00E0744D191BEC1500CA50F6 /* Foundation.framework in Frameworks */ = {isa = PBXBuildFile; fileRef = 00E0744C191BEC1500CA50F6 /* Foundation.framework */; };
		00E0744F191BEC1500CA50F6 /* CoreGraphics.framework in Frameworks */ = {isa = PBXBuildFile; fileRef = 00E0744E191BEC1500CA50F6 /* CoreGraphics.framework */; };
		00E07451191BEC1500CA50F6 /* UIKit.framework in Frameworks */ = {isa = PBXBuildFile; fileRef = 00E07450191BEC1500CA50F6 /* UIKit.framework */; };
		00E07457191BEC1500CA50F6 /* InfoPlist.strings in Resources */ = {isa = PBXBuildFile; fileRef = 00E07455191BEC1500CA50F6 /* InfoPlist.strings */; };
		00E07459191BEC1500CA50F6 /* main.m in Sources */ = {isa = PBXBuildFile; fileRef = 00E07458191BEC1500CA50F6 /* main.m */; };
		00E0745D191BEC1500CA50F6 /* AppDelegate.m in Sources */ = {isa = PBXBuildFile; fileRef = 00E0745C191BEC1500CA50F6 /* AppDelegate.m */; };
		00E07460191BEC1500CA50F6 /* Main_iPhone.storyboard in Resources */ = {isa = PBXBuildFile; fileRef = 00E0745E191BEC1500CA50F6 /* Main_iPhone.storyboard */; };
		00E07463191BEC1500CA50F6 /* Main_iPad.storyboard in Resources */ = {isa = PBXBuildFile; fileRef = 00E07461191BEC1500CA50F6 /* Main_iPad.storyboard */; };
		00E07466191BEC1500CA50F6 /* MasterViewController.m in Sources */ = {isa = PBXBuildFile; fileRef = 00E07465191BEC1500CA50F6 /* MasterViewController.m */; };
		00E0746B191BEC1500CA50F6 /* Images.xcassets in Resources */ = {isa = PBXBuildFile; fileRef = 00E0746A191BEC1500CA50F6 /* Images.xcassets */; };
		00E07472191BEC1500CA50F6 /* XCTest.framework in Frameworks */ = {isa = PBXBuildFile; fileRef = 00E07471191BEC1500CA50F6 /* XCTest.framework */; };
		00E07473191BEC1500CA50F6 /* Foundation.framework in Frameworks */ = {isa = PBXBuildFile; fileRef = 00E0744C191BEC1500CA50F6 /* Foundation.framework */; };
		00E07474191BEC1500CA50F6 /* UIKit.framework in Frameworks */ = {isa = PBXBuildFile; fileRef = 00E07450191BEC1500CA50F6 /* UIKit.framework */; };
		00E0747C191BEC1500CA50F6 /* InfoPlist.strings in Resources */ = {isa = PBXBuildFile; fileRef = 00E0747A191BEC1500CA50F6 /* InfoPlist.strings */; };
		00E0747E191BEC1500CA50F6 /* imat_sdk_iosTests.m in Sources */ = {isa = PBXBuildFile; fileRef = 00E0747D191BEC1500CA50F6 /* imat_sdk_iosTests.m */; };
		00E074A5191BEC4900CA50F6 /* ApiManager.m in Sources */ = {isa = PBXBuildFile; fileRef = 00E07489191BEC4900CA50F6 /* ApiManager.m */; };
		00E074A6191BEC4900CA50F6 /* IMFile.m in Sources */ = {isa = PBXBuildFile; fileRef = 00E0748B191BEC4900CA50F6 /* IMFile.m */; };
		00E074A7191BEC4900CA50F6 /* IMModelRequest.m in Sources */ = {isa = PBXBuildFile; fileRef = 00E0748D191BEC4900CA50F6 /* IMModelRequest.m */; };
		00E074A8191BEC4900CA50F6 /* IMModelResponse.m in Sources */ = {isa = PBXBuildFile; fileRef = 00E0748F191BEC4900CA50F6 /* IMModelResponse.m */; };
		00E074A9191BEC4900CA50F6 /* AFHTTPRequestOperation.m in Sources */ = {isa = PBXBuildFile; fileRef = 00E07493191BEC4900CA50F6 /* AFHTTPRequestOperation.m */; };
		00E074AA191BEC4900CA50F6 /* AFHTTPRequestOperationManager.m in Sources */ = {isa = PBXBuildFile; fileRef = 00E07495191BEC4900CA50F6 /* AFHTTPRequestOperationManager.m */; };
		00E074AB191BEC4900CA50F6 /* AFHTTPSessionManager.m in Sources */ = {isa = PBXBuildFile; fileRef = 00E07497191BEC4900CA50F6 /* AFHTTPSessionManager.m */; };
		00E074AC191BEC4900CA50F6 /* AFNetworkReachabilityManager.m in Sources */ = {isa = PBXBuildFile; fileRef = 00E0749A191BEC4900CA50F6 /* AFNetworkReachabilityManager.m */; };
		00E074AD191BEC4900CA50F6 /* AFSecurityPolicy.m in Sources */ = {isa = PBXBuildFile; fileRef = 00E0749C191BEC4900CA50F6 /* AFSecurityPolicy.m */; };
		00E074AE191BEC4900CA50F6 /* AFURLConnectionOperation.m in Sources */ = {isa = PBXBuildFile; fileRef = 00E0749E191BEC4900CA50F6 /* AFURLConnectionOperation.m */; };
		00E074AF191BEC4900CA50F6 /* AFURLRequestSerialization.m in Sources */ = {isa = PBXBuildFile; fileRef = 00E074A0191BEC4900CA50F6 /* AFURLRequestSerialization.m */; };
		00E074B0191BEC4900CA50F6 /* AFURLResponseSerialization.m in Sources */ = {isa = PBXBuildFile; fileRef = 00E074A2191BEC4900CA50F6 /* AFURLResponseSerialization.m */; };
		00E074B1191BEC4900CA50F6 /* AFURLSessionManager.m in Sources */ = {isa = PBXBuildFile; fileRef = 00E074A4191BEC4900CA50F6 /* AFURLSessionManager.m */; };
		00E074B7191BEE2800CA50F6 /* 10x10x10.stl in Resources */ = {isa = PBXBuildFile; fileRef = 00E074B6191BEE2800CA50F6 /* 10x10x10.stl */; };
/* End PBXBuildFile section */

/* Begin PBXContainerItemProxy section */
		00E07475191BEC1500CA50F6 /* PBXContainerItemProxy */ = {
			isa = PBXContainerItemProxy;
			containerPortal = 00E07441191BEC1500CA50F6 /* Project object */;
			proxyType = 1;
			remoteGlobalIDString = 00E07448191BEC1500CA50F6;
			remoteInfo = "imat-sdk-ios";
		};
/* End PBXContainerItemProxy section */

/* Begin PBXFileReference section */
		00BBBE311920C3BB0068DC9E /* UploadModelViewController.h */ = {isa = PBXFileReference; fileEncoding = 4; lastKnownFileType = sourcecode.c.h; name = UploadModelViewController.h; path = Controllers/UploadModelViewController.h; sourceTree = "<group>"; };
		00BBBE321920C3BB0068DC9E /* UploadModelViewController.m */ = {isa = PBXFileReference; fileEncoding = 4; lastKnownFileType = sourcecode.c.objc; name = UploadModelViewController.m; path = Controllers/UploadModelViewController.m; sourceTree = "<group>"; };
		00BBBE341920C7480068DC9E /* UploadModelResultViewController.h */ = {isa = PBXFileReference; fileEncoding = 4; lastKnownFileType = sourcecode.c.h; name = UploadModelResultViewController.h; path = Controllers/UploadModelResultViewController.h; sourceTree = "<group>"; };
		00BBBE351920C7480068DC9E /* UploadModelResultViewController.m */ = {isa = PBXFileReference; fileEncoding = 4; lastKnownFileType = sourcecode.c.objc; name = UploadModelResultViewController.m; path = Controllers/UploadModelResultViewController.m; sourceTree = "<group>"; };
		00BBBE381920CE3A0068DC9E /* MBProgressHUD.h */ = {isa = PBXFileReference; fileEncoding = 4; lastKnownFileType = sourcecode.c.h; path = MBProgressHUD.h; sourceTree = "<group>"; };
		00BBBE391920CE3A0068DC9E /* MBProgressHUD.m */ = {isa = PBXFileReference; fileEncoding = 4; lastKnownFileType = sourcecode.c.objc; path = MBProgressHUD.m; sourceTree = "<group>"; };
		00E07449191BEC1500CA50F6 /* imat-sdk-ios.app */ = {isa = PBXFileReference; explicitFileType = wrapper.application; includeInIndex = 0; path = "imat-sdk-ios.app"; sourceTree = BUILT_PRODUCTS_DIR; };
		00E0744C191BEC1500CA50F6 /* Foundation.framework */ = {isa = PBXFileReference; lastKnownFileType = wrapper.framework; name = Foundation.framework; path = System/Library/Frameworks/Foundation.framework; sourceTree = SDKROOT; };
		00E0744E191BEC1500CA50F6 /* CoreGraphics.framework */ = {isa = PBXFileReference; lastKnownFileType = wrapper.framework; name = CoreGraphics.framework; path = System/Library/Frameworks/CoreGraphics.framework; sourceTree = SDKROOT; };
		00E07450191BEC1500CA50F6 /* UIKit.framework */ = {isa = PBXFileReference; lastKnownFileType = wrapper.framework; name = UIKit.framework; path = System/Library/Frameworks/UIKit.framework; sourceTree = SDKROOT; };
		00E07454191BEC1500CA50F6 /* imat-sdk-ios-Info.plist */ = {isa = PBXFileReference; lastKnownFileType = text.plist.xml; path = "imat-sdk-ios-Info.plist"; sourceTree = "<group>"; };
		00E07456191BEC1500CA50F6 /* en */ = {isa = PBXFileReference; lastKnownFileType = text.plist.strings; name = en; path = en.lproj/InfoPlist.strings; sourceTree = "<group>"; };
		00E07458191BEC1500CA50F6 /* main.m */ = {isa = PBXFileReference; lastKnownFileType = sourcecode.c.objc; path = main.m; sourceTree = "<group>"; };
		00E0745A191BEC1500CA50F6 /* imat-sdk-ios-Prefix.pch */ = {isa = PBXFileReference; lastKnownFileType = sourcecode.c.h; path = "imat-sdk-ios-Prefix.pch"; sourceTree = "<group>"; };
		00E0745B191BEC1500CA50F6 /* AppDelegate.h */ = {isa = PBXFileReference; lastKnownFileType = sourcecode.c.h; path = AppDelegate.h; sourceTree = "<group>"; };
		00E0745C191BEC1500CA50F6 /* AppDelegate.m */ = {isa = PBXFileReference; lastKnownFileType = sourcecode.c.objc; path = AppDelegate.m; sourceTree = "<group>"; };
		00E0745F191BEC1500CA50F6 /* Base */ = {isa = PBXFileReference; lastKnownFileType = file.storyboard; name = Base; path = Base.lproj/Main_iPhone.storyboard; sourceTree = "<group>"; };
		00E07462191BEC1500CA50F6 /* Base */ = {isa = PBXFileReference; lastKnownFileType = file.storyboard; name = Base; path = Base.lproj/Main_iPad.storyboard; sourceTree = "<group>"; };
		00E07464191BEC1500CA50F6 /* MasterViewController.h */ = {isa = PBXFileReference; lastKnownFileType = sourcecode.c.h; path = MasterViewController.h; sourceTree = "<group>"; };
		00E07465191BEC1500CA50F6 /* MasterViewController.m */ = {isa = PBXFileReference; lastKnownFileType = sourcecode.c.objc; path = MasterViewController.m; sourceTree = "<group>"; };
		00E0746A191BEC1500CA50F6 /* Images.xcassets */ = {isa = PBXFileReference; lastKnownFileType = folder.assetcatalog; path = Images.xcassets; sourceTree = "<group>"; };
		00E07470191BEC1500CA50F6 /* imat-sdk-iosTests.xctest */ = {isa = PBXFileReference; explicitFileType = wrapper.cfbundle; includeInIndex = 0; path = "imat-sdk-iosTests.xctest"; sourceTree = BUILT_PRODUCTS_DIR; };
		00E07471191BEC1500CA50F6 /* XCTest.framework */ = {isa = PBXFileReference; lastKnownFileType = wrapper.framework; name = XCTest.framework; path = Library/Frameworks/XCTest.framework; sourceTree = DEVELOPER_DIR; };
		00E07479191BEC1500CA50F6 /* imat-sdk-iosTests-Info.plist */ = {isa = PBXFileReference; lastKnownFileType = text.plist.xml; path = "imat-sdk-iosTests-Info.plist"; sourceTree = "<group>"; };
		00E0747B191BEC1500CA50F6 /* en */ = {isa = PBXFileReference; lastKnownFileType = text.plist.strings; name = en; path = en.lproj/InfoPlist.strings; sourceTree = "<group>"; };
		00E0747D191BEC1500CA50F6 /* imat_sdk_iosTests.m */ = {isa = PBXFileReference; lastKnownFileType = sourcecode.c.objc; path = imat_sdk_iosTests.m; sourceTree = "<group>"; };
		00E07488191BEC4900CA50F6 /* ApiManager.h */ = {isa = PBXFileReference; fileEncoding = 4; lastKnownFileType = sourcecode.c.h; name = ApiManager.h; path = Models/ApiManager.h; sourceTree = "<group>"; };
		00E07489191BEC4900CA50F6 /* ApiManager.m */ = {isa = PBXFileReference; fileEncoding = 4; lastKnownFileType = sourcecode.c.objc; name = ApiManager.m; path = Models/ApiManager.m; sourceTree = "<group>"; };
		00E0748A191BEC4900CA50F6 /* IMFile.h */ = {isa = PBXFileReference; fileEncoding = 4; lastKnownFileType = sourcecode.c.h; path = IMFile.h; sourceTree = "<group>"; };
		00E0748B191BEC4900CA50F6 /* IMFile.m */ = {isa = PBXFileReference; fileEncoding = 4; lastKnownFileType = sourcecode.c.objc; path = IMFile.m; sourceTree = "<group>"; };
		00E0748C191BEC4900CA50F6 /* IMModelRequest.h */ = {isa = PBXFileReference; fileEncoding = 4; lastKnownFileType = sourcecode.c.h; path = IMModelRequest.h; sourceTree = "<group>"; };
		00E0748D191BEC4900CA50F6 /* IMModelRequest.m */ = {isa = PBXFileReference; fileEncoding = 4; lastKnownFileType = sourcecode.c.objc; path = IMModelRequest.m; sourceTree = "<group>"; };
		00E0748E191BEC4900CA50F6 /* IMModelResponse.h */ = {isa = PBXFileReference; fileEncoding = 4; lastKnownFileType = sourcecode.c.h; path = IMModelResponse.h; sourceTree = "<group>"; };
		00E0748F191BEC4900CA50F6 /* IMModelResponse.m */ = {isa = PBXFileReference; fileEncoding = 4; lastKnownFileType = sourcecode.c.objc; path = IMModelResponse.m; sourceTree = "<group>"; };
		00E07492191BEC4900CA50F6 /* AFHTTPRequestOperation.h */ = {isa = PBXFileReference; fileEncoding = 4; lastKnownFileType = sourcecode.c.h; path = AFHTTPRequestOperation.h; sourceTree = "<group>"; };
		00E07493191BEC4900CA50F6 /* AFHTTPRequestOperation.m */ = {isa = PBXFileReference; fileEncoding = 4; lastKnownFileType = sourcecode.c.objc; path = AFHTTPRequestOperation.m; sourceTree = "<group>"; };
		00E07494191BEC4900CA50F6 /* AFHTTPRequestOperationManager.h */ = {isa = PBXFileReference; fileEncoding = 4; lastKnownFileType = sourcecode.c.h; path = AFHTTPRequestOperationManager.h; sourceTree = "<group>"; };
		00E07495191BEC4900CA50F6 /* AFHTTPRequestOperationManager.m */ = {isa = PBXFileReference; fileEncoding = 4; lastKnownFileType = sourcecode.c.objc; path = AFHTTPRequestOperationManager.m; sourceTree = "<group>"; };
		00E07496191BEC4900CA50F6 /* AFHTTPSessionManager.h */ = {isa = PBXFileReference; fileEncoding = 4; lastKnownFileType = sourcecode.c.h; path = AFHTTPSessionManager.h; sourceTree = "<group>"; };
		00E07497191BEC4900CA50F6 /* AFHTTPSessionManager.m */ = {isa = PBXFileReference; fileEncoding = 4; lastKnownFileType = sourcecode.c.objc; path = AFHTTPSessionManager.m; sourceTree = "<group>"; };
		00E07498191BEC4900CA50F6 /* AFNetworking.h */ = {isa = PBXFileReference; fileEncoding = 4; lastKnownFileType = sourcecode.c.h; path = AFNetworking.h; sourceTree = "<group>"; };
		00E07499191BEC4900CA50F6 /* AFNetworkReachabilityManager.h */ = {isa = PBXFileReference; fileEncoding = 4; lastKnownFileType = sourcecode.c.h; path = AFNetworkReachabilityManager.h; sourceTree = "<group>"; };
		00E0749A191BEC4900CA50F6 /* AFNetworkReachabilityManager.m */ = {isa = PBXFileReference; fileEncoding = 4; lastKnownFileType = sourcecode.c.objc; path = AFNetworkReachabilityManager.m; sourceTree = "<group>"; };
		00E0749B191BEC4900CA50F6 /* AFSecurityPolicy.h */ = {isa = PBXFileReference; fileEncoding = 4; lastKnownFileType = sourcecode.c.h; path = AFSecurityPolicy.h; sourceTree = "<group>"; };
		00E0749C191BEC4900CA50F6 /* AFSecurityPolicy.m */ = {isa = PBXFileReference; fileEncoding = 4; lastKnownFileType = sourcecode.c.objc; path = AFSecurityPolicy.m; sourceTree = "<group>"; };
		00E0749D191BEC4900CA50F6 /* AFURLConnectionOperation.h */ = {isa = PBXFileReference; fileEncoding = 4; lastKnownFileType = sourcecode.c.h; path = AFURLConnectionOperation.h; sourceTree = "<group>"; };
		00E0749E191BEC4900CA50F6 /* AFURLConnectionOperation.m */ = {isa = PBXFileReference; fileEncoding = 4; lastKnownFileType = sourcecode.c.objc; path = AFURLConnectionOperation.m; sourceTree = "<group>"; };
		00E0749F191BEC4900CA50F6 /* AFURLRequestSerialization.h */ = {isa = PBXFileReference; fileEncoding = 4; lastKnownFileType = sourcecode.c.h; path = AFURLRequestSerialization.h; sourceTree = "<group>"; };
		00E074A0191BEC4900CA50F6 /* AFURLRequestSerialization.m */ = {isa = PBXFileReference; fileEncoding = 4; lastKnownFileType = sourcecode.c.objc; path = AFURLRequestSerialization.m; sourceTree = "<group>"; };
		00E074A1191BEC4900CA50F6 /* AFURLResponseSerialization.h */ = {isa = PBXFileReference; fileEncoding = 4; lastKnownFileType = sourcecode.c.h; path = AFURLResponseSerialization.h; sourceTree = "<group>"; };
		00E074A2191BEC4900CA50F6 /* AFURLResponseSerialization.m */ = {isa = PBXFileReference; fileEncoding = 4; lastKnownFileType = sourcecode.c.objc; path = AFURLResponseSerialization.m; sourceTree = "<group>"; };
		00E074A3191BEC4900CA50F6 /* AFURLSessionManager.h */ = {isa = PBXFileReference; fileEncoding = 4; lastKnownFileType = sourcecode.c.h; path = AFURLSessionManager.h; sourceTree = "<group>"; };
		00E074A4191BEC4900CA50F6 /* AFURLSessionManager.m */ = {isa = PBXFileReference; fileEncoding = 4; lastKnownFileType = sourcecode.c.objc; path = AFURLSessionManager.m; sourceTree = "<group>"; };
		00E074B6191BEE2800CA50F6 /* 10x10x10.stl */ = {isa = PBXFileReference; lastKnownFileType = file; path = 10x10x10.stl; sourceTree = "<group>"; };
/* End PBXFileReference section */

/* Begin PBXFrameworksBuildPhase section */
		00E07446191BEC1500CA50F6 /* Frameworks */ = {
			isa = PBXFrameworksBuildPhase;
			buildActionMask = 2147483647;
			files = (
				00E0744F191BEC1500CA50F6 /* CoreGraphics.framework in Frameworks */,
				00E07451191BEC1500CA50F6 /* UIKit.framework in Frameworks */,
				00E0744D191BEC1500CA50F6 /* Foundation.framework in Frameworks */,
			);
			runOnlyForDeploymentPostprocessing = 0;
		};
		00E0746D191BEC1500CA50F6 /* Frameworks */ = {
			isa = PBXFrameworksBuildPhase;
			buildActionMask = 2147483647;
			files = (
				00E07472191BEC1500CA50F6 /* XCTest.framework in Frameworks */,
				00E07474191BEC1500CA50F6 /* UIKit.framework in Frameworks */,
				00E07473191BEC1500CA50F6 /* Foundation.framework in Frameworks */,
			);
			runOnlyForDeploymentPostprocessing = 0;
		};
/* End PBXFrameworksBuildPhase section */

/* Begin PBXGroup section */
		00BBBE2B1920C3330068DC9E /* UploadModel */ = {
			isa = PBXGroup;
			children = (
				00E0748A191BEC4900CA50F6 /* IMFile.h */,
				00E0748B191BEC4900CA50F6 /* IMFile.m */,
				00E0748C191BEC4900CA50F6 /* IMModelRequest.h */,
				00E0748D191BEC4900CA50F6 /* IMModelRequest.m */,
				00E0748E191BEC4900CA50F6 /* IMModelResponse.h */,
				00E0748F191BEC4900CA50F6 /* IMModelResponse.m */,
			);
			name = UploadModel;
			sourceTree = "<group>";
		};
		00BBBE2C1920C3440068DC9E /* Controllers */ = {
			isa = PBXGroup;
			children = (
				00BBBE311920C3BB0068DC9E /* UploadModelViewController.h */,
				00BBBE321920C3BB0068DC9E /* UploadModelViewController.m */,
				00BBBE341920C7480068DC9E /* UploadModelResultViewController.h */,
				00BBBE351920C7480068DC9E /* UploadModelResultViewController.m */,
			);
			name = Controllers;
			sourceTree = "<group>";
		};
		00BBBE371920CE3A0068DC9E /* MBProgressHUD */ = {
			isa = PBXGroup;
			children = (
				00BBBE381920CE3A0068DC9E /* MBProgressHUD.h */,
				00BBBE391920CE3A0068DC9E /* MBProgressHUD.m */,
			);
			path = MBProgressHUD;
			sourceTree = "<group>";
		};
		00E07440191BEC1500CA50F6 = {
			isa = PBXGroup;
			children = (
				00E07452191BEC1500CA50F6 /* imat-sdk-ios */,
				00E07477191BEC1500CA50F6 /* imat-sdk-iosTests */,
				00E0744B191BEC1500CA50F6 /* Frameworks */,
				00E0744A191BEC1500CA50F6 /* Products */,
			);
			sourceTree = "<group>";
		};
		00E0744A191BEC1500CA50F6 /* Products */ = {
			isa = PBXGroup;
			children = (
				00E07449191BEC1500CA50F6 /* imat-sdk-ios.app */,
				00E07470191BEC1500CA50F6 /* imat-sdk-iosTests.xctest */,
			);
			name = Products;
			sourceTree = "<group>";
		};
		00E0744B191BEC1500CA50F6 /* Frameworks */ = {
			isa = PBXGroup;
			children = (
				00E0744C191BEC1500CA50F6 /* Foundation.framework */,
				00E0744E191BEC1500CA50F6 /* CoreGraphics.framework */,
				00E07450191BEC1500CA50F6 /* UIKit.framework */,
				00E07471191BEC1500CA50F6 /* XCTest.framework */,
			);
			name = Frameworks;
			sourceTree = "<group>";
		};
		00E07452191BEC1500CA50F6 /* imat-sdk-ios */ = {
			isa = PBXGroup;
			children = (
				00E07488191BEC4900CA50F6 /* ApiManager.h */,
				00E07489191BEC4900CA50F6 /* ApiManager.m */,
				00BBBE2C1920C3440068DC9E /* Controllers */,
				00E074B6191BEE2800CA50F6 /* 10x10x10.stl */,
				00E07487191BEC4900CA50F6 /* Models */,
				00E07490191BEC4900CA50F6 /* ThirdParty */,
				00E0745B191BEC1500CA50F6 /* AppDelegate.h */,
				00E0745C191BEC1500CA50F6 /* AppDelegate.m */,
				00E0745E191BEC1500CA50F6 /* Main_iPhone.storyboard */,
				00E07461191BEC1500CA50F6 /* Main_iPad.storyboard */,
				00E07464191BEC1500CA50F6 /* MasterViewController.h */,
				00E07465191BEC1500CA50F6 /* MasterViewController.m */,
				00E0746A191BEC1500CA50F6 /* Images.xcassets */,
				00E07453191BEC1500CA50F6 /* Supporting Files */,
			);
			path = "imat-sdk-ios";
			sourceTree = "<group>";
		};
		00E07453191BEC1500CA50F6 /* Supporting Files */ = {
			isa = PBXGroup;
			children = (
				00E07454191BEC1500CA50F6 /* imat-sdk-ios-Info.plist */,
				00E07455191BEC1500CA50F6 /* InfoPlist.strings */,
				00E07458191BEC1500CA50F6 /* main.m */,
				00E0745A191BEC1500CA50F6 /* imat-sdk-ios-Prefix.pch */,
			);
			name = "Supporting Files";
			sourceTree = "<group>";
		};
		00E07477191BEC1500CA50F6 /* imat-sdk-iosTests */ = {
			isa = PBXGroup;
			children = (
				00E0747D191BEC1500CA50F6 /* imat_sdk_iosTests.m */,
				00E07478191BEC1500CA50F6 /* Supporting Files */,
			);
			path = "imat-sdk-iosTests";
			sourceTree = "<group>";
		};
		00E07478191BEC1500CA50F6 /* Supporting Files */ = {
			isa = PBXGroup;
			children = (
				00E07479191BEC1500CA50F6 /* imat-sdk-iosTests-Info.plist */,
				00E0747A191BEC1500CA50F6 /* InfoPlist.strings */,
			);
			name = "Supporting Files";
			sourceTree = "<group>";
		};
		00E07487191BEC4900CA50F6 /* Models */ = {
			isa = PBXGroup;
			children = (
				00BBBE2B1920C3330068DC9E /* UploadModel */,
			);
			path = Models;
			sourceTree = "<group>";
		};
		00E07490191BEC4900CA50F6 /* ThirdParty */ = {
			isa = PBXGroup;
			children = (
				00BBBE371920CE3A0068DC9E /* MBProgressHUD */,
				00E07491191BEC4900CA50F6 /* AFNetworking */,
			);
			path = ThirdParty;
			sourceTree = "<group>";
		};
		00E07491191BEC4900CA50F6 /* AFNetworking */ = {
			isa = PBXGroup;
			children = (
				00E07492191BEC4900CA50F6 /* AFHTTPRequestOperation.h */,
				00E07493191BEC4900CA50F6 /* AFHTTPRequestOperation.m */,
				00E07494191BEC4900CA50F6 /* AFHTTPRequestOperationManager.h */,
				00E07495191BEC4900CA50F6 /* AFHTTPRequestOperationManager.m */,
				00E07496191BEC4900CA50F6 /* AFHTTPSessionManager.h */,
				00E07497191BEC4900CA50F6 /* AFHTTPSessionManager.m */,
				00E07498191BEC4900CA50F6 /* AFNetworking.h */,
				00E07499191BEC4900CA50F6 /* AFNetworkReachabilityManager.h */,
				00E0749A191BEC4900CA50F6 /* AFNetworkReachabilityManager.m */,
				00E0749B191BEC4900CA50F6 /* AFSecurityPolicy.h */,
				00E0749C191BEC4900CA50F6 /* AFSecurityPolicy.m */,
				00E0749D191BEC4900CA50F6 /* AFURLConnectionOperation.h */,
				00E0749E191BEC4900CA50F6 /* AFURLConnectionOperation.m */,
				00E0749F191BEC4900CA50F6 /* AFURLRequestSerialization.h */,
				00E074A0191BEC4900CA50F6 /* AFURLRequestSerialization.m */,
				00E074A1191BEC4900CA50F6 /* AFURLResponseSerialization.h */,
				00E074A2191BEC4900CA50F6 /* AFURLResponseSerialization.m */,
				00E074A3191BEC4900CA50F6 /* AFURLSessionManager.h */,
				00E074A4191BEC4900CA50F6 /* AFURLSessionManager.m */,
			);
			path = AFNetworking;
			sourceTree = "<group>";
		};
/* End PBXGroup section */

/* Begin PBXNativeTarget section */
		00E07448191BEC1500CA50F6 /* imat-sdk-ios */ = {
			isa = PBXNativeTarget;
			buildConfigurationList = 00E07481191BEC1500CA50F6 /* Build configuration list for PBXNativeTarget "imat-sdk-ios" */;
			buildPhases = (
				00E07445191BEC1500CA50F6 /* Sources */,
				00E07446191BEC1500CA50F6 /* Frameworks */,
				00E07447191BEC1500CA50F6 /* Resources */,
			);
			buildRules = (
			);
			dependencies = (
			);
			name = "imat-sdk-ios";
			productName = "imat-sdk-ios";
			productReference = 00E07449191BEC1500CA50F6 /* imat-sdk-ios.app */;
			productType = "com.apple.product-type.application";
		};
		00E0746F191BEC1500CA50F6 /* imat-sdk-iosTests */ = {
			isa = PBXNativeTarget;
			buildConfigurationList = 00E07484191BEC1500CA50F6 /* Build configuration list for PBXNativeTarget "imat-sdk-iosTests" */;
			buildPhases = (
				00E0746C191BEC1500CA50F6 /* Sources */,
				00E0746D191BEC1500CA50F6 /* Frameworks */,
				00E0746E191BEC1500CA50F6 /* Resources */,
			);
			buildRules = (
			);
			dependencies = (
				00E07476191BEC1500CA50F6 /* PBXTargetDependency */,
			);
			name = "imat-sdk-iosTests";
			productName = "imat-sdk-iosTests";
			productReference = 00E07470191BEC1500CA50F6 /* imat-sdk-iosTests.xctest */;
			productType = "com.apple.product-type.bundle.unit-test";
		};
/* End PBXNativeTarget section */

/* Begin PBXProject section */
		00E07441191BEC1500CA50F6 /* Project object */ = {
			isa = PBXProject;
			attributes = {
				LastUpgradeCheck = 0510;
				ORGANIZATIONNAME = i.materialise;
				TargetAttributes = {
					00E0746F191BEC1500CA50F6 = {
						TestTargetID = 00E07448191BEC1500CA50F6;
					};
				};
			};
			buildConfigurationList = 00E07444191BEC1500CA50F6 /* Build configuration list for PBXProject "imat-sdk-ios" */;
			compatibilityVersion = "Xcode 3.2";
			developmentRegion = English;
			hasScannedForEncodings = 0;
			knownRegions = (
				en,
				Base,
			);
			mainGroup = 00E07440191BEC1500CA50F6;
			productRefGroup = 00E0744A191BEC1500CA50F6 /* Products */;
			projectDirPath = "";
			projectRoot = "";
			targets = (
				00E07448191BEC1500CA50F6 /* imat-sdk-ios */,
				00E0746F191BEC1500CA50F6 /* imat-sdk-iosTests */,
			);
		};
/* End PBXProject section */

/* Begin PBXResourcesBuildPhase section */
		00E07447191BEC1500CA50F6 /* Resources */ = {
			isa = PBXResourcesBuildPhase;
			buildActionMask = 2147483647;
			files = (
				00E07463191BEC1500CA50F6 /* Main_iPad.storyboard in Resources */,
				00E0746B191BEC1500CA50F6 /* Images.xcassets in Resources */,
				00E07460191BEC1500CA50F6 /* Main_iPhone.storyboard in Resources */,
				00E07457191BEC1500CA50F6 /* InfoPlist.strings in Resources */,
				00E074B7191BEE2800CA50F6 /* 10x10x10.stl in Resources */,
			);
			runOnlyForDeploymentPostprocessing = 0;
		};
		00E0746E191BEC1500CA50F6 /* Resources */ = {
			isa = PBXResourcesBuildPhase;
			buildActionMask = 2147483647;
			files = (
				00E0747C191BEC1500CA50F6 /* InfoPlist.strings in Resources */,
			);
			runOnlyForDeploymentPostprocessing = 0;
		};
/* End PBXResourcesBuildPhase section */

/* Begin PBXSourcesBuildPhase section */
		00E07445191BEC1500CA50F6 /* Sources */ = {
			isa = PBXSourcesBuildPhase;
			buildActionMask = 2147483647;
			files = (
				00E074B1191BEC4900CA50F6 /* AFURLSessionManager.m in Sources */,
				00E074AE191BEC4900CA50F6 /* AFURLConnectionOperation.m in Sources */,
				00E074A9191BEC4900CA50F6 /* AFHTTPRequestOperation.m in Sources */,
				00E074A5191BEC4900CA50F6 /* ApiManager.m in Sources */,
				00E074AA191BEC4900CA50F6 /* AFHTTPRequestOperationManager.m in Sources */,
				00E0745D191BEC1500CA50F6 /* AppDelegate.m in Sources */,
				00E074A8191BEC4900CA50F6 /* IMModelResponse.m in Sources */,
				00BBBE3A1920CE3A0068DC9E /* MBProgressHUD.m in Sources */,
				00E074AB191BEC4900CA50F6 /* AFHTTPSessionManager.m in Sources */,
				00E07466191BEC1500CA50F6 /* MasterViewController.m in Sources */,
				00E074A7191BEC4900CA50F6 /* IMModelRequest.m in Sources */,
				00E074A6191BEC4900CA50F6 /* IMFile.m in Sources */,
				00E074AD191BEC4900CA50F6 /* AFSecurityPolicy.m in Sources */,
				00BBBE361920C7480068DC9E /* UploadModelResultViewController.m in Sources */,
				00E07459191BEC1500CA50F6 /* main.m in Sources */,
				00E074AF191BEC4900CA50F6 /* AFURLRequestSerialization.m in Sources */,
				00E074AC191BEC4900CA50F6 /* AFNetworkReachabilityManager.m in Sources */,
				00E074B0191BEC4900CA50F6 /* AFURLResponseSerialization.m in Sources */,
				00BBBE331920C3BB0068DC9E /* UploadModelViewController.m in Sources */,
			);
			runOnlyForDeploymentPostprocessing = 0;
		};
		00E0746C191BEC1500CA50F6 /* Sources */ = {
			isa = PBXSourcesBuildPhase;
			buildActionMask = 2147483647;
			files = (
				00E0747E191BEC1500CA50F6 /* imat_sdk_iosTests.m in Sources */,
			);
			runOnlyForDeploymentPostprocessing = 0;
		};
/* End PBXSourcesBuildPhase section */

/* Begin PBXTargetDependency section */
		00E07476191BEC1500CA50F6 /* PBXTargetDependency */ = {
			isa = PBXTargetDependency;
			target = 00E07448191BEC1500CA50F6 /* imat-sdk-ios */;
			targetProxy = 00E07475191BEC1500CA50F6 /* PBXContainerItemProxy */;
		};
/* End PBXTargetDependency section */

/* Begin PBXVariantGroup section */
		00E07455191BEC1500CA50F6 /* InfoPlist.strings */ = {
			isa = PBXVariantGroup;
			children = (
				00E07456191BEC1500CA50F6 /* en */,
			);
			name = InfoPlist.strings;
			sourceTree = "<group>";
		};
		00E0745E191BEC1500CA50F6 /* Main_iPhone.storyboard */ = {
			isa = PBXVariantGroup;
			children = (
				00E0745F191BEC1500CA50F6 /* Base */,
			);
			name = Main_iPhone.storyboard;
			sourceTree = "<group>";
		};
		00E07461191BEC1500CA50F6 /* Main_iPad.storyboard */ = {
			isa = PBXVariantGroup;
			children = (
				00E07462191BEC1500CA50F6 /* Base */,
			);
			name = Main_iPad.storyboard;
			sourceTree = "<group>";
		};
		00E0747A191BEC1500CA50F6 /* InfoPlist.strings */ = {
			isa = PBXVariantGroup;
			children = (
				00E0747B191BEC1500CA50F6 /* en */,
			);
			name = InfoPlist.strings;
			sourceTree = "<group>";
		};
/* End PBXVariantGroup section */

/* Begin XCBuildConfiguration section */
		00E0747F191BEC1500CA50F6 /* Debug */ = {
			isa = XCBuildConfiguration;
			buildSettings = {
				ALWAYS_SEARCH_USER_PATHS = NO;
				CLANG_CXX_LANGUAGE_STANDARD = "gnu++0x";
				CLANG_CXX_LIBRARY = "libc++";
				CLANG_ENABLE_MODULES = YES;
				CLANG_ENABLE_OBJC_ARC = YES;
				CLANG_WARN_BOOL_CONVERSION = YES;
				CLANG_WARN_CONSTANT_CONVERSION = YES;
				CLANG_WARN_DIRECT_OBJC_ISA_USAGE = YES_ERROR;
				CLANG_WARN_EMPTY_BODY = YES;
				CLANG_WARN_ENUM_CONVERSION = YES;
				CLANG_WARN_INT_CONVERSION = YES;
				CLANG_WARN_OBJC_ROOT_CLASS = YES_ERROR;
				CLANG_WARN__DUPLICATE_METHOD_MATCH = YES;
				"CODE_SIGN_IDENTITY[sdk=iphoneos*]" = "iPhone Developer";
				COPY_PHASE_STRIP = NO;
				GCC_C_LANGUAGE_STANDARD = gnu99;
				GCC_DYNAMIC_NO_PIC = NO;
				GCC_OPTIMIZATION_LEVEL = 0;
				GCC_PREPROCESSOR_DEFINITIONS = (
					"DEBUG=1",
					"$(inherited)",
				);
				GCC_SYMBOLS_PRIVATE_EXTERN = NO;
				GCC_WARN_64_TO_32_BIT_CONVERSION = YES;
				GCC_WARN_ABOUT_RETURN_TYPE = YES_ERROR;
				GCC_WARN_UNDECLARED_SELECTOR = YES;
				GCC_WARN_UNINITIALIZED_AUTOS = YES_AGGRESSIVE;
				GCC_WARN_UNUSED_FUNCTION = YES;
				GCC_WARN_UNUSED_VARIABLE = YES;
				IPHONEOS_DEPLOYMENT_TARGET = 7.1;
				ONLY_ACTIVE_ARCH = YES;
				SDKROOT = iphoneos;
				TARGETED_DEVICE_FAMILY = "1,2";
			};
			name = Debug;
		};
		00E07480191BEC1500CA50F6 /* Release */ = {
			isa = XCBuildConfiguration;
			buildSettings = {
				ALWAYS_SEARCH_USER_PATHS = NO;
				CLANG_CXX_LANGUAGE_STANDARD = "gnu++0x";
				CLANG_CXX_LIBRARY = "libc++";
				CLANG_ENABLE_MODULES = YES;
				CLANG_ENABLE_OBJC_ARC = YES;
				CLANG_WARN_BOOL_CONVERSION = YES;
				CLANG_WARN_CONSTANT_CONVERSION = YES;
				CLANG_WARN_DIRECT_OBJC_ISA_USAGE = YES_ERROR;
				CLANG_WARN_EMPTY_BODY = YES;
				CLANG_WARN_ENUM_CONVERSION = YES;
				CLANG_WARN_INT_CONVERSION = YES;
				CLANG_WARN_OBJC_ROOT_CLASS = YES_ERROR;
				CLANG_WARN__DUPLICATE_METHOD_MATCH = YES;
				"CODE_SIGN_IDENTITY[sdk=iphoneos*]" = "iPhone Developer";
				COPY_PHASE_STRIP = YES;
				ENABLE_NS_ASSERTIONS = NO;
				GCC_C_LANGUAGE_STANDARD = gnu99;
				GCC_WARN_64_TO_32_BIT_CONVERSION = YES;
				GCC_WARN_ABOUT_RETURN_TYPE = YES_ERROR;
				GCC_WARN_UNDECLARED_SELECTOR = YES;
				GCC_WARN_UNINITIALIZED_AUTOS = YES_AGGRESSIVE;
				GCC_WARN_UNUSED_FUNCTION = YES;
				GCC_WARN_UNUSED_VARIABLE = YES;
				IPHONEOS_DEPLOYMENT_TARGET = 7.1;
				SDKROOT = iphoneos;
				TARGETED_DEVICE_FAMILY = "1,2";
				VALIDATE_PRODUCT = YES;
			};
			name = Release;
		};
		00E07482191BEC1500CA50F6 /* Debug */ = {
			isa = XCBuildConfiguration;
			buildSettings = {
				ASSETCATALOG_COMPILER_APPICON_NAME = AppIcon;
				ASSETCATALOG_COMPILER_LAUNCHIMAGE_NAME = LaunchImage;
				GCC_PRECOMPILE_PREFIX_HEADER = YES;
				GCC_PREFIX_HEADER = "imat-sdk-ios/imat-sdk-ios-Prefix.pch";
				INFOPLIST_FILE = "imat-sdk-ios/imat-sdk-ios-Info.plist";
				PRODUCT_NAME = "$(TARGET_NAME)";
				WRAPPER_EXTENSION = app;
			};
			name = Debug;
		};
		00E07483191BEC1500CA50F6 /* Release */ = {
			isa = XCBuildConfiguration;
			buildSettings = {
				ASSETCATALOG_COMPILER_APPICON_NAME = AppIcon;
				ASSETCATALOG_COMPILER_LAUNCHIMAGE_NAME = LaunchImage;
				GCC_PRECOMPILE_PREFIX_HEADER = YES;
				GCC_PREFIX_HEADER = "imat-sdk-ios/imat-sdk-ios-Prefix.pch";
				INFOPLIST_FILE = "imat-sdk-ios/imat-sdk-ios-Info.plist";
				PRODUCT_NAME = "$(TARGET_NAME)";
				WRAPPER_EXTENSION = app;
			};
			name = Release;
		};
		00E07485191BEC1500CA50F6 /* Debug */ = {
			isa = XCBuildConfiguration;
			buildSettings = {
				BUNDLE_LOADER = "$(BUILT_PRODUCTS_DIR)/imat-sdk-ios.app/imat-sdk-ios";
				FRAMEWORK_SEARCH_PATHS = (
					"$(SDKROOT)/Developer/Library/Frameworks",
					"$(inherited)",
					"$(DEVELOPER_FRAMEWORKS_DIR)",
				);
				GCC_PRECOMPILE_PREFIX_HEADER = YES;
				GCC_PREFIX_HEADER = "imat-sdk-ios/imat-sdk-ios-Prefix.pch";
				GCC_PREPROCESSOR_DEFINITIONS = (
					"DEBUG=1",
					"$(inherited)",
				);
				INFOPLIST_FILE = "imat-sdk-iosTests/imat-sdk-iosTests-Info.plist";
				PRODUCT_NAME = "$(TARGET_NAME)";
				TEST_HOST = "$(BUNDLE_LOADER)";
				WRAPPER_EXTENSION = xctest;
			};
			name = Debug;
		};
		00E07486191BEC1500CA50F6 /* Release */ = {
			isa = XCBuildConfiguration;
			buildSettings = {
				BUNDLE_LOADER = "$(BUILT_PRODUCTS_DIR)/imat-sdk-ios.app/imat-sdk-ios";
				FRAMEWORK_SEARCH_PATHS = (
					"$(SDKROOT)/Developer/Library/Frameworks",
					"$(inherited)",
					"$(DEVELOPER_FRAMEWORKS_DIR)",
				);
				GCC_PRECOMPILE_PREFIX_HEADER = YES;
				GCC_PREFIX_HEADER = "imat-sdk-ios/imat-sdk-ios-Prefix.pch";
				INFOPLIST_FILE = "imat-sdk-iosTests/imat-sdk-iosTests-Info.plist";
				PRODUCT_NAME = "$(TARGET_NAME)";
				TEST_HOST = "$(BUNDLE_LOADER)";
				WRAPPER_EXTENSION = xctest;
			};
			name = Release;
		};
/* End XCBuildConfiguration section */

/* Begin XCConfigurationList section */
		00E07444191BEC1500CA50F6 /* Build configuration list for PBXProject "imat-sdk-ios" */ = {
			isa = XCConfigurationList;
			buildConfigurations = (
				00E0747F191BEC1500CA50F6 /* Debug */,
				00E07480191BEC1500CA50F6 /* Release */,
			);
			defaultConfigurationIsVisible = 0;
			defaultConfigurationName = Release;
		};
		00E07481191BEC1500CA50F6 /* Build configuration list for PBXNativeTarget "imat-sdk-ios" */ = {
			isa = XCConfigurationList;
			buildConfigurations = (
				00E07482191BEC1500CA50F6 /* Debug */,
				00E07483191BEC1500CA50F6 /* Release */,
			);
			defaultConfigurationIsVisible = 0;
			defaultConfigurationName = Release;
		};
		00E07484191BEC1500CA50F6 /* Build configuration list for PBXNativeTarget "imat-sdk-iosTests" */ = {
			isa = XCConfigurationList;
			buildConfigurations = (
				00E07485191BEC1500CA50F6 /* Debug */,
				00E07486191BEC1500CA50F6 /* Release */,
			);
			defaultConfigurationIsVisible = 0;
			defaultConfigurationName = Release;
		};
/* End XCConfigurationList section */
	};
	rootObject = 00E07441191BEC1500CA50F6 /* Project object */;
}
